PODS:
  - AppLovinSDK (12.3.1)
  - DIOSDK (4.3.3)

DEPENDENCIES:
  - AppLovinSDK
  - DIOSDK (= 4.3.3)

SPEC REPOS:
  trunk:
    - AppLovinSDK
    - DIOSDK

SPEC CHECKSUMS:
  AppLovinSDK: d99a5a32b00e844932f4583f863780e1af835722
  DIOSDK: 7266db09c899ca3f9c3846fff1587c0d1cf1f540

PODFILE CHECKSUM: 92e54b6aada1cbb8bef73558e7feacb081ab2b85

COCOAPODS: 1.16.2
