PODS:
  - AppLovinSDK (12.3.1)
  - DIOSDK (4.3.4)

DEPENDENCIES:
  - AppLovinSDK
  - DIOSDK (= 4.3.4)

SPEC REPOS:
  trunk:
    - AppLovinSDK
    - DIOSDK

SPEC CHECKSUMS:
  AppLovinSDK: d99a5a32b00e844932f4583f863780e1af835722
  DIOSDK: 4f25e1d8b25beb0e103c5ec8e08f00657267bb69

PODFILE CHECKSUM: c8a16f2d79a42719404c6128f88e802382608750

COCOAPODS: 1.16.2
