PODS:
  - AppLovinSDK (12.3.1)
  - DIOSDK (4.1.6)

DEPENDENCIES:
  - AppLovinSDK
  - DIOSDK (= 4.1.6)

SPEC REPOS:
  trunk:
    - AppLovinSDK
    - DIOSDK

SPEC CHECKSUMS:
  AppLovinSDK: d99a5a32b00e844932f4583f863780e1af835722
  DIOSDK: 439bcfb4e7e7361d49d092e202005c6514fc780a

PODFILE CHECKSUM: 4a9959535715ac90b81385b8c944b40696a0b26c

COCOAPODS: 1.15.2
